
Microsoft Visual Studio Solution File, Format Version 12.00
# Visual Studio 15
VisualStudioVersion = 15.0.28307.572
MinimumVisualStudioVersion = 10.0.40219.1
Project("{FAE04EC0-301F-11D3-BF4B-00C04F79EFBC}") = "outroapp", "outroapp\outroapp.csproj", "{536A0F0B-EB6B-44B8-8A8F-EF810D1F67E8}"
EndProject
Global
	GlobalSection(SolutionConfigurationPlatforms) = preSolution
		Debug|Any CPU = Debug|Any CPU
		Release|Any CPU = Release|Any CPU
	EndGlobalSection
	GlobalSection(ProjectConfigurationPlatforms) = postSolution
		{536A0F0B-EB6B-44B8-8A8F-EF810D1F67E8}.Debug|Any CPU.ActiveCfg = Debug|Any CPU
		{536A0F0B-EB6B-44B8-8A8F-EF810D1F67E8}.Debug|Any CPU.Build.0 = Debug|Any CPU
		{536A0F0B-EB6B-44B8-8A8F-EF810D1F67E8}.Release|Any CPU.ActiveCfg = Release|Any CPU
		{536A0F0B-EB6B-44B8-8A8F-EF810D1F67E8}.Release|Any CPU.Build.0 = Release|Any CPU
	EndGlobalSection
	GlobalSection(SolutionProperties) = preSolution
		HideSolutionNode = FALSE
	EndGlobalSection
	GlobalSection(ExtensibilityGlobals) = postSolution
		SolutionGuid = {E5E28114-988C-4ED0-8BB0-24E95E9E02E2}
	EndGlobalSection
EndGlobal
